
Microsoft Visual Studio Solution File, Format Version 12.00
# Visual Studio Version 16
VisualStudioVersion = 16.0.29911.84
MinimumVisualStudioVersion = 10.0.40219.1
Project("{FAE04EC0-301F-11D3-BF4B-00C04F79EFBC}") = "WindowsFormsApp2", "WindowsFormsApp2\WindowsFormsApp2.csproj", "{BA9013F9-139A-47BD-B8DD-3D02C046FBDD}"
EndProject
Global
	GlobalSection(SolutionConfigurationPlatforms) = preSolution
		Debug|Any CPU = Debug|Any CPU
		Release|Any CPU = Release|Any CPU
	EndGlobalSection
	GlobalSection(ProjectConfigurationPlatforms) = postSolution
		{BA9013F9-139A-47BD-B8DD-3D02C046FBDD}.Debug|Any CPU.ActiveCfg = Debug|Any CPU
		{BA9013F9-139A-47BD-B8DD-3D02C046FBDD}.Debug|Any CPU.Build.0 = Debug|Any CPU
		{BA9013F9-139A-47BD-B8DD-3D02C046FBDD}.Release|Any CPU.ActiveCfg = Release|Any CPU
		{BA9013F9-139A-47BD-B8DD-3D02C046FBDD}.Release|Any CPU.Build.0 = Release|Any CPU
	EndGlobalSection
	GlobalSection(SolutionProperties) = preSolution
		HideSolutionNode = FALSE
	EndGlobalSection
	GlobalSection(ExtensibilityGlobals) = postSolution
		SolutionGuid = {AB576D8E-F97F-4D0C-B316-6F2C97217376}
	EndGlobalSection
EndGlobal
